// !$*UTF8*$!
{
	archiveVersion = 1;
	classes = {
	};
	objectVersion = 50;
	objects = {

/* Begin PBXBuildFile section */
		D017ADA82351D616009285CB /* AppDelegate.m in Sources */ = {isa = PBXBuildFile; fileRef = D017ADA72351D616009285CB /* AppDelegate.m */; };
		D017ADAE2351D616009285CB /* ViewController.m in Sources */ = {isa = PBXBuildFile; fileRef = D017ADAD2351D616009285CB /* ViewController.m */; };
		D017ADB32351D617009285CB /* Assets.xcassets in Resources */ = {isa = PBXBuildFile; fileRef = D017ADB22351D617009285CB /* Assets.xcassets */; };
		D017ADB62351D617009285CB /* LaunchScreen.storyboard in Resources */ = {isa = PBXBuildFile; fileRef = D017ADB42351D617009285CB /* LaunchScreen.storyboard */; };
		D017ADB92351D617009285CB /* main.m in Sources */ = {isa = PBXBuildFile; fileRef = D017ADB82351D617009285CB /* main.m */; };
		D017ADC32351D617009285CB /* dongDzqTests.m in Sources */ = {isa = PBXBuildFile; fileRef = D017ADC22351D617009285CB /* dongDzqTests.m */; };
		D017ADCE2351D617009285CB /* dongDzqUITests.m in Sources */ = {isa = PBXBuildFile; fileRef = D017ADCD2351D617009285CB /* dongDzqUITests.m */; };
/* End PBXBuildFile section */

/* Begin PBXContainerItemProxy section */
		D017ADBF2351D617009285CB /* PBXContainerItemProxy */ = {
			isa = PBXContainerItemProxy;
			containerPortal = D017AD9B2351D616009285CB /* Project object */;
			proxyType = 1;
			remoteGlobalIDString = D017ADA22351D616009285CB;
			remoteInfo = dongDzq;
		};
		D017ADCA2351D617009285CB /* PBXContainerItemProxy */ = {
			isa = PBXContainerItemProxy;
			containerPortal = D017AD9B2351D616009285CB /* Project object */;
			proxyType = 1;
			remoteGlobalIDString = D017ADA22351D616009285CB;
			remoteInfo = dongDzq;
		};
/* End PBXContainerItemProxy section */

/* Begin PBXFileReference section */
		D017ADA32351D616009285CB /* dongDzq.app */ = {isa = PBXFileReference; explicitFileType = wrapper.application; includeInIndex = 0; path = dongDzq.app; sourceTree = BUILT_PRODUCTS_DIR; };
		D017ADA62351D616009285CB /* AppDelegate.h */ = {isa = PBXFileReference; lastKnownFileType = sourcecode.c.h; path = AppDelegate.h; sourceTree = "<group>"; };
		D017ADA72351D616009285CB /* AppDelegate.m */ = {isa = PBXFileReference; lastKnownFileType = sourcecode.c.objc; path = AppDelegate.m; sourceTree = "<group>"; };
		D017ADAC2351D616009285CB /* ViewController.h */ = {isa = PBXFileReference; lastKnownFileType = sourcecode.c.h; path = ViewController.h; sourceTree = "<group>"; };
		D017ADAD2351D616009285CB /* ViewController.m */ = {isa = PBXFileReference; lastKnownFileType = sourcecode.c.objc; path = ViewController.m; sourceTree = "<group>"; };
		D017ADB22351D617009285CB /* Assets.xcassets */ = {isa = PBXFileReference; lastKnownFileType = folder.assetcatalog; path = Assets.xcassets; sourceTree = "<group>"; };
		D017ADB52351D617009285CB /* Base */ = {isa = PBXFileReference; lastKnownFileType = file.storyboard; name = Base; path = Base.lproj/LaunchScreen.storyboard; sourceTree = "<group>"; };
		D017ADB72351D617009285CB /* Info.plist */ = {isa = PBXFileReference; lastKnownFileType = text.plist.xml; path = Info.plist; sourceTree = "<group>"; };
		D017ADB82351D617009285CB /* main.m */ = {isa = PBXFileReference; lastKnownFileType = sourcecode.c.objc; path = main.m; sourceTree = "<group>"; };
		D017ADBE2351D617009285CB /* dongDzqTests.xctest */ = {isa = PBXFileReference; explicitFileType = wrapper.cfbundle; includeInIndex = 0; path = dongDzqTests.xctest; sourceTree = BUILT_PRODUCTS_DIR; };
		D017ADC22351D617009285CB /* dongDzqTests.m */ = {isa = PBXFileReference; lastKnownFileType = sourcecode.c.objc; path = dongDzqTests.m; sourceTree = "<group>"; };
		D017ADC42351D617009285CB /* Info.plist */ = {isa = PBXFileReference; lastKnownFileType = text.plist.xml; path = Info.plist; sourceTree = "<group>"; };
		D017ADC92351D617009285CB /* dongDzqUITests.xctest */ = {isa = PBXFileReference; explicitFileType = wrapper.cfbundle; includeInIndex = 0; path = dongDzqUITests.xctest; sourceTree = BUILT_PRODUCTS_DIR; };
		D017ADCD2351D617009285CB /* dongDzqUITests.m */ = {isa = PBXFileReference; lastKnownFileType = sourcecode.c.objc; path = dongDzqUITests.m; sourceTree = "<group>"; };
		D017ADCF2351D617009285CB /* Info.plist */ = {isa = PBXFileReference; lastKnownFileType = text.plist.xml; path = Info.plist; sourceTree = "<group>"; };
/* End PBXFileReference section */

/* Begin PBXFrameworksBuildPhase section */
		D017ADA02351D616009285CB /* Frameworks */ = {
			isa = PBXFrameworksBuildPhase;
			buildActionMask = 2147483647;
			files = (
			);
			runOnlyForDeploymentPostprocessing = 0;
		};
		D017ADBB2351D617009285CB /* Frameworks */ = {
			isa = PBXFrameworksBuildPhase;
			buildActionMask = 2147483647;
			files = (
			);
			runOnlyForDeploymentPostprocessing = 0;
		};
		D017ADC62351D617009285CB /* Frameworks */ = {
			isa = PBXFrameworksBuildPhase;
			buildActionMask = 2147483647;
			files = (
			);
			runOnlyForDeploymentPostprocessing = 0;
		};
/* End PBXFrameworksBuildPhase section */

/* Begin PBXGroup section */
		D017AD9A2351D616009285CB = {
			isa = PBXGroup;
			children = (
				D017ADA52351D616009285CB /* dongDzq */,
				D017ADC12351D617009285CB /* dongDzqTests */,
				D017ADCC2351D617009285CB /* dongDzqUITests */,
				D017ADA42351D616009285CB /* Products */,
			);
			sourceTree = "<group>";
		};
		D017ADA42351D616009285CB /* Products */ = {
			isa = PBXGroup;
			children = (
				D017ADA32351D616009285CB /* dongDzq.app */,
				D017ADBE2351D617009285CB /* dongDzqTests.xctest */,
				D017ADC92351D617009285CB /* dongDzqUITests.xctest */,
			);
			name = Products;
			sourceTree = "<group>";
		};
		D017ADA52351D616009285CB /* dongDzq */ = {
			isa = PBXGroup;
			children = (
				D017ADA62351D616009285CB /* AppDelegate.h */,
				D017ADA72351D616009285CB /* AppDelegate.m */,
				D017ADAC2351D616009285CB /* ViewController.h */,
				D017ADAD2351D616009285CB /* ViewController.m */,
				D017ADB22351D617009285CB /* Assets.xcassets */,
				D017ADB42351D617009285CB /* LaunchScreen.storyboard */,
				D017ADB72351D617009285CB /* Info.plist */,
				D017ADB82351D617009285CB /* main.m */,
			);
			path = dongDzq;
			sourceTree = "<group>";
		};
		D017ADC12351D617009285CB /* dongDzqTests */ = {
			isa = PBXGroup;
			children = (
				D017ADC22351D617009285CB /* dongDzqTests.m */,
				D017ADC42351D617009285CB /* Info.plist */,
			);
			path = dongDzqTests;
			sourceTree = "<group>";
		};
		D017ADCC2351D617009285CB /* dongDzqUITests */ = {
			isa = PBXGroup;
			children = (
				D017ADCD2351D617009285CB /* dongDzqUITests.m */,
				D017ADCF2351D617009285CB /* Info.plist */,
			);
			path = dongDzqUITests;
			sourceTree = "<group>";
		};
/* End PBXGroup section */

/* Begin PBXNativeTarget section */
		D017ADA22351D616009285CB /* dongDzq */ = {
			isa = PBXNativeTarget;
			buildConfigurationList = D017ADD22351D617009285CB /* Build configuration list for PBXNativeTarget "dongDzq" */;
			buildPhases = (
				D017AD9F2351D616009285CB /* Sources */,
				D017ADA02351D616009285CB /* Frameworks */,
				D017ADA12351D616009285CB /* Resources */,
			);
			buildRules = (
			);
			dependencies = (
			);
			name = dongDzq;
			productName = dongDzq;
			productReference = D017ADA32351D616009285CB /* dongDzq.app */;
			productType = "com.apple.product-type.application";
		};
		D017ADBD2351D617009285CB /* dongDzqTests */ = {
			isa = PBXNativeTarget;
			buildConfigurationList = D017ADD52351D617009285CB /* Build configuration list for PBXNativeTarget "dongDzqTests" */;
			buildPhases = (
				D017ADBA2351D617009285CB /* Sources */,
				D017ADBB2351D617009285CB /* Frameworks */,
				D017ADBC2351D617009285CB /* Resources */,
			);
			buildRules = (
			);
			dependencies = (
				D017ADC02351D617009285CB /* PBXTargetDependency */,
			);
			name = dongDzqTests;
			productName = dongDzqTests;
			productReference = D017ADBE2351D617009285CB /* dongDzqTests.xctest */;
			productType = "com.apple.product-type.bundle.unit-test";
		};
		D017ADC82351D617009285CB /* dongDzqUITests */ = {
			isa = PBXNativeTarget;
			buildConfigurationList = D017ADD82351D617009285CB /* Build configuration list for PBXNativeTarget "dongDzqUITests" */;
			buildPhases = (
				D017ADC52351D617009285CB /* Sources */,
				D017ADC62351D617009285CB /* Frameworks */,
				D017ADC72351D617009285CB /* Resources */,
			);
			buildRules = (
			);
			dependencies = (
				D017ADCB2351D617009285CB /* PBXTargetDependency */,
			);
			name = dongDzqUITests;
			productName = dongDzqUITests;
			productReference = D017ADC92351D617009285CB /* dongDzqUITests.xctest */;
			productType = "com.apple.product-type.bundle.ui-testing";
		};
/* End PBXNativeTarget section */

/* Begin PBXProject section */
		D017AD9B2351D616009285CB /* Project object */ = {
			isa = PBXProject;
			attributes = {
				LastUpgradeCheck = 1110;
				ORGANIZATIONNAME = "董卓琼";
				TargetAttributes = {
					D017ADA22351D616009285CB = {
						CreatedOnToolsVersion = 11.1;
					};
					D017ADBD2351D617009285CB = {
						CreatedOnToolsVersion = 11.1;
						TestTargetID = D017ADA22351D616009285CB;
					};
					D017ADC82351D617009285CB = {
						CreatedOnToolsVersion = 11.1;
						TestTargetID = D017ADA22351D616009285CB;
					};
				};
			};
			buildConfigurationList = D017AD9E2351D616009285CB /* Build configuration list for PBXProject "dongDzq" */;
			compatibilityVersion = "Xcode 9.3";
			developmentRegion = en;
			hasScannedForEncodings = 0;
			knownRegions = (
				en,
				Base,
			);
			mainGroup = D017AD9A2351D616009285CB;
			productRefGroup = D017ADA42351D616009285CB /* Products */;
			projectDirPath = "";
			projectRoot = "";
			targets = (
				D017ADA22351D616009285CB /* dongDzq */,
				D017ADBD2351D617009285CB /* dongDzqTests */,
				D017ADC82351D617009285CB /* dongDzqUITests */,
			);
		};
/* End PBXProject section */

/* Begin PBXResourcesBuildPhase section */
		D017ADA12351D616009285CB /* Resources */ = {
			isa = PBXResourcesBuildPhase;
			buildActionMask = 2147483647;
			files = (
				D017ADB62351D617009285CB /* LaunchScreen.storyboard in Resources */,
				D017ADB32351D617009285CB /* Assets.xcassets in Resources */,
			);
			runOnlyForDeploymentPostprocessing = 0;
		};
		D017ADBC2351D617009285CB /* Resources */ = {
			isa = PBXResourcesBuildPhase;
			buildActionMask = 2147483647;
			files = (
			);
			runOnlyForDeploymentPostprocessing = 0;
		};
		D017ADC72351D617009285CB /* Resources */ = {
			isa = PBXResourcesBuildPhase;
			buildActionMask = 2147483647;
			files = (
			);
			runOnlyForDeploymentPostprocessing = 0;
		};
/* End PBXResourcesBuildPhase section */

/* Begin PBXSourcesBuildPhase section */
		D017AD9F2351D616009285CB /* Sources */ = {
			isa = PBXSourcesBuildPhase;
			buildActionMask = 2147483647;
			files = (
				D017ADAE2351D616009285CB /* ViewController.m in Sources */,
				D017ADA82351D616009285CB /* AppDelegate.m in Sources */,
				D017ADB92351D617009285CB /* main.m in Sources */,
			);
			runOnlyForDeploymentPostprocessing = 0;
		};
		D017ADBA2351D617009285CB /* Sources */ = {
			isa = PBXSourcesBuildPhase;
			buildActionMask = 2147483647;
			files = (
				D017ADC32351D617009285CB /* dongDzqTests.m in Sources */,
			);
			runOnlyForDeploymentPostprocessing = 0;
		};
		D017ADC52351D617009285CB /* Sources */ = {
			isa = PBXSourcesBuildPhase;
			buildActionMask = 2147483647;
			files = (
				D017ADCE2351D617009285CB /* dongDzqUITests.m in Sources */,
			);
			runOnlyForDeploymentPostprocessing = 0;
		};
/* End PBXSourcesBuildPhase section */

/* Begin PBXTargetDependency section */
		D017ADC02351D617009285CB /* PBXTargetDependency */ = {
			isa = PBXTargetDependency;
			target = D017ADA22351D616009285CB /* dongDzq */;
			targetProxy = D017ADBF2351D617009285CB /* PBXContainerItemProxy */;
		};
		D017ADCB2351D617009285CB /* PBXTargetDependency */ = {
			isa = PBXTargetDependency;
			target = D017ADA22351D616009285CB /* dongDzq */;
			targetProxy = D017ADCA2351D617009285CB /* PBXContainerItemProxy */;
		};
/* End PBXTargetDependency section */

/* Begin PBXVariantGroup section */
		D017ADB42351D617009285CB /* LaunchScreen.storyboard */ = {
			isa = PBXVariantGroup;
			children = (
				D017ADB52351D617009285CB /* Base */,
			);
			name = LaunchScreen.storyboard;
			sourceTree = "<group>";
		};
/* End PBXVariantGroup section */

/* Begin XCBuildConfiguration section */
		D017ADD02351D617009285CB /* Debug */ = {
			isa = XCBuildConfiguration;
			buildSettings = {
				ALWAYS_SEARCH_USER_PATHS = NO;
				CLANG_ANALYZER_NONNULL = YES;
				CLANG_ANALYZER_NUMBER_OBJECT_CONVERSION = YES_AGGRESSIVE;
				CLANG_CXX_LANGUAGE_STANDARD = "gnu++14";
				CLANG_CXX_LIBRARY = "libc++";
				CLANG_ENABLE_MODULES = YES;
				CLANG_ENABLE_OBJC_ARC = YES;
				CLANG_ENABLE_OBJC_WEAK = YES;
				CLANG_WARN_BLOCK_CAPTURE_AUTORELEASING = YES;
				CLANG_WARN_BOOL_CONVERSION = YES;
				CLANG_WARN_COMMA = YES;
				CLANG_WARN_CONSTANT_CONVERSION = YES;
				CLANG_WARN_DEPRECATED_OBJC_IMPLEMENTATIONS = YES;
				CLANG_WARN_DIRECT_OBJC_ISA_USAGE = YES_ERROR;
				CLANG_WARN_DOCUMENTATION_COMMENTS = YES;
				CLANG_WARN_EMPTY_BODY = YES;
				CLANG_WARN_ENUM_CONVERSION = YES;
				CLANG_WARN_INFINITE_RECURSION = YES;
				CLANG_WARN_INT_CONVERSION = YES;
				CLANG_WARN_NON_LITERAL_NULL_CONVERSION = YES;
				CLANG_WARN_OBJC_IMPLICIT_RETAIN_SELF = YES;
				CLANG_WARN_OBJC_LITERAL_CONVERSION = YES;
				CLANG_WARN_OBJC_ROOT_CLASS = YES_ERROR;
				CLANG_WARN_RANGE_LOOP_ANALYSIS = YES;
				CLANG_WARN_STRICT_PROTOTYPES = YES;
				CLANG_WARN_SUSPICIOUS_MOVE = YES;
				CLANG_WARN_UNGUARDED_AVAILABILITY = YES_AGGRESSIVE;
				CLANG_WARN_UNREACHABLE_CODE = YES;
				CLANG_WARN__DUPLICATE_METHOD_MATCH = YES;
				COPY_PHASE_STRIP = NO;
				DEBUG_INFORMATION_FORMAT = dwarf;
				ENABLE_STRICT_OBJC_MSGSEND = YES;
				ENABLE_TESTABILITY = YES;
				GCC_C_LANGUAGE_STANDARD = gnu11;
				GCC_DYNAMIC_NO_PIC = NO;
				GCC_NO_COMMON_BLOCKS = YES;
				GCC_OPTIMIZATION_LEVEL = 0;
				GCC_PREPROCESSOR_DEFINITIONS = (
					"DEBUG=1",
					"$(inherited)",
				);
				GCC_WARN_64_TO_32_BIT_CONVERSION = YES;
				GCC_WARN_ABOUT_RETURN_TYPE = YES_ERROR;
				GCC_WARN_UNDECLARED_SELECTOR = YES;
				GCC_WARN_UNINITIALIZED_AUTOS = YES_AGGRESSIVE;
				GCC_WARN_UNUSED_FUNCTION = YES;
				GCC_WARN_UNUSED_VARIABLE = YES;
				IPHONEOS_DEPLOYMENT_TARGET = 13.1;
				MTL_ENABLE_DEBUG_INFO = INCLUDE_SOURCE;
				MTL_FAST_MATH = YES;
				ONLY_ACTIVE_ARCH = YES;
				SDKROOT = iphoneos;
			};
			name = Debug;
		};
		D017ADD12351D617009285CB /* Release */ = {
			isa = XCBuildConfiguration;
			buildSettings = {
				ALWAYS_SEARCH_USER_PATHS = NO;
				CLANG_ANALYZER_NONNULL = YES;
				CLANG_ANALYZER_NUMBER_OBJECT_CONVERSION = YES_AGGRESSIVE;
				CLANG_CXX_LANGUAGE_STANDARD = "gnu++14";
				CLANG_CXX_LIBRARY = "libc++";
				CLANG_ENABLE_MODULES = YES;
				CLANG_ENABLE_OBJC_ARC = YES;
				CLANG_ENABLE_OBJC_WEAK = YES;
				CLANG_WARN_BLOCK_CAPTURE_AUTORELEASING = YES;
				CLANG_WARN_BOOL_CONVERSION = YES;
				CLANG_WARN_COMMA = YES;
				CLANG_WARN_CONSTANT_CONVERSION = YES;
				CLANG_WARN_DEPRECATED_OBJC_IMPLEMENTATIONS = YES;
				CLANG_WARN_DIRECT_OBJC_ISA_USAGE = YES_ERROR;
				CLANG_WARN_DOCUMENTATION_COMMENTS = YES;
				CLANG_WARN_EMPTY_BODY = YES;
				CLANG_WARN_ENUM_CONVERSION = YES;
				CLANG_WARN_INFINITE_RECURSION = YES;
				CLANG_WARN_INT_CONVERSION = YES;
				CLANG_WARN_NON_LITERAL_NULL_CONVERSION = YES;
				CLANG_WARN_OBJC_IMPLICIT_RETAIN_SELF = YES;
				CLANG_WARN_OBJC_LITERAL_CONVERSION = YES;
				CLANG_WARN_OBJC_ROOT_CLASS = YES_ERROR;
				CLANG_WARN_RANGE_LOOP_ANALYSIS = YES;
				CLANG_WARN_STRICT_PROTOTYPES = YES;
				CLANG_WARN_SUSPICIOUS_MOVE = YES;
				CLANG_WARN_UNGUARDED_AVAILABILITY = YES_AGGRESSIVE;
				CLANG_WARN_UNREACHABLE_CODE = YES;
				CLANG_WARN__DUPLICATE_METHOD_MATCH = YES;
				COPY_PHASE_STRIP = NO;
				DEBUG_INFORMATION_FORMAT = "dwarf-with-dsym";
				ENABLE_NS_ASSERTIONS = NO;
				ENABLE_STRICT_OBJC_MSGSEND = YES;
				GCC_C_LANGUAGE_STANDARD = gnu11;
				GCC_NO_COMMON_BLOCKS = YES;
				GCC_WARN_64_TO_32_BIT_CONVERSION = YES;
				GCC_WARN_ABOUT_RETURN_TYPE = YES_ERROR;
				GCC_WARN_UNDECLARED_SELECTOR = YES;
				GCC_WARN_UNINITIALIZED_AUTOS = YES_AGGRESSIVE;
				GCC_WARN_UNUSED_FUNCTION = YES;
				GCC_WARN_UNUSED_VARIABLE = YES;
				IPHONEOS_DEPLOYMENT_TARGET = 13.1;
				MTL_ENABLE_DEBUG_INFO = NO;
				MTL_FAST_MATH = YES;
				SDKROOT = iphoneos;
				VALIDATE_PRODUCT = YES;
			};
			name = Release;
		};
		D017ADD32351D617009285CB /* Debug */ = {
			isa = XCBuildConfiguration;
			buildSettings = {
				ASSETCATALOG_COMPILER_APPICON_NAME = AppIcon;
				CODE_SIGN_STYLE = Automatic;
				DEVELOPMENT_TEAM = FS4AVHYP6U;
				INFOPLIST_FILE = dongDzq/Info.plist;
				IPHONEOS_DEPLOYMENT_TARGET = 9.0;
				LD_RUNPATH_SEARCH_PATHS = (
					"$(inherited)",
					"@executable_path/Frameworks",
				);
				PRODUCT_BUNDLE_IDENTIFIER = com.zhongye.dongDzq;
				PRODUCT_NAME = "$(TARGET_NAME)";
				TARGETED_DEVICE_FAMILY = 1;
			};
			name = Debug;
		};
		D017ADD42351D617009285CB /* Release */ = {
			isa = XCBuildConfiguration;
			buildSettings = {
				ASSETCATALOG_COMPILER_APPICON_NAME = AppIcon;
				CODE_SIGN_STYLE = Automatic;
				DEVELOPMENT_TEAM = FS4AVHYP6U;
				INFOPLIST_FILE = dongDzq/Info.plist;
				IPHONEOS_DEPLOYMENT_TARGET = 9.0;
				LD_RUNPATH_SEARCH_PATHS = (
					"$(inherited)",
					"@executable_path/Frameworks",
				);
				PRODUCT_BUNDLE_IDENTIFIER = com.zhongye.dongDzq;
				PRODUCT_NAME = "$(TARGET_NAME)";
				TARGETED_DEVICE_FAMILY = 1;
			};
			name = Release;
		};
		D017ADD62351D617009285CB /* Debug */ = {
			isa = XCBuildConfiguration;
			buildSettings = {
				BUNDLE_LOADER = "$(TEST_HOST)";
				CODE_SIGN_STYLE = Automatic;
				DEVELOPMENT_TEAM = FS4AVHYP6U;
				INFOPLIST_FILE = dongDzqTests/Info.plist;
				IPHONEOS_DEPLOYMENT_TARGET = 13.1;
				LD_RUNPATH_SEARCH_PATHS = (
					"$(inherited)",
					"@executable_path/Frameworks",
					"@loader_path/Frameworks",
				);
				PRODUCT_BUNDLE_IDENTIFIER = com.zhongye.dongDzqTests;
				PRODUCT_NAME = "$(TARGET_NAME)";
				TARGETED_DEVICE_FAMILY = "1,2";
				TEST_HOST = "$(BUILT_PRODUCTS_DIR)/dongDzq.app/dongDzq";
			};
			name = Debug;
		};
		D017ADD72351D617009285CB /* Release */ = {
			isa = XCBuildConfiguration;
			buildSettings = {
				BUNDLE_LOADER = "$(TEST_HOST)";
				CODE_SIGN_STYLE = Automatic;
				DEVELOPMENT_TEAM = FS4AVHYP6U;
				INFOPLIST_FILE = dongDzqTests/Info.plist;
				IPHONEOS_DEPLOYMENT_TARGET = 13.1;
				LD_RUNPATH_SEARCH_PATHS = (
					"$(inherited)",
					"@executable_path/Frameworks",
					"@loader_path/Frameworks",
				);
				PRODUCT_BUNDLE_IDENTIFIER = com.zhongye.dongDzqTests;
				PRODUCT_NAME = "$(TARGET_NAME)";
				TARGETED_DEVICE_FAMILY = "1,2";
				TEST_HOST = "$(BUILT_PRODUCTS_DIR)/dongDzq.app/dongDzq";
			};
			name = Release;
		};
		D017ADD92351D617009285CB /* Debug */ = {
			isa = XCBuildConfiguration;
			buildSettings = {
				CODE_SIGN_STYLE = Automatic;
				DEVELOPMENT_TEAM = FS4AVHYP6U;
				INFOPLIST_FILE = dongDzqUITests/Info.plist;
				LD_RUNPATH_SEARCH_PATHS = (
					"$(inherited)",
					"@executable_path/Frameworks",
					"@loader_path/Frameworks",
				);
				PRODUCT_BUNDLE_IDENTIFIER = com.zhongye.dongDzqUITests;
				PRODUCT_NAME = "$(TARGET_NAME)";
				TARGETED_DEVICE_FAMILY = "1,2";
				TEST_TARGET_NAME = dongDzq;
			};
			name = Debug;
		};
		D017ADDA2351D617009285CB /* Release */ = {
			isa = XCBuildConfiguration;
			buildSettings = {
				CODE_SIGN_STYLE = Automatic;
				DEVELOPMENT_TEAM = FS4AVHYP6U;
				INFOPLIST_FILE = dongDzqUITests/Info.plist;
				LD_RUNPATH_SEARCH_PATHS = (
					"$(inherited)",
					"@executable_path/Frameworks",
					"@loader_path/Frameworks",
				);
				PRODUCT_BUNDLE_IDENTIFIER = com.zhongye.dongDzqUITests;
				PRODUCT_NAME = "$(TARGET_NAME)";
				TARGETED_DEVICE_FAMILY = "1,2";
				TEST_TARGET_NAME = dongDzq;
			};
			name = Release;
		};
/* End XCBuildConfiguration section */

/* Begin XCConfigurationList section */
		D017AD9E2351D616009285CB /* Build configuration list for PBXProject "dongDzq" */ = {
			isa = XCConfigurationList;
			buildConfigurations = (
				D017ADD02351D617009285CB /* Debug */,
				D017ADD12351D617009285CB /* Release */,
			);
			defaultConfigurationIsVisible = 0;
			defaultConfigurationName = Release;
		};
		D017ADD22351D617009285CB /* Build configuration list for PBXNativeTarget "dongDzq" */ = {
			isa = XCConfigurationList;
			buildConfigurations = (
				D017ADD32351D617009285CB /* Debug */,
				D017ADD42351D617009285CB /* Release */,
			);
			defaultConfigurationIsVisible = 0;
			defaultConfigurationName = Release;
		};
		D017ADD52351D617009285CB /* Build configuration list for PBXNativeTarget "dongDzqTests" */ = {
			isa = XCConfigurationList;
			buildConfigurations = (
				D017ADD62351D617009285CB /* Debug */,
				D017ADD72351D617009285CB /* Release */,
			);
			defaultConfigurationIsVisible = 0;
			defaultConfigurationName = Release;
		};
		D017ADD82351D617009285CB /* Build configuration list for PBXNativeTarget "dongDzqUITests" */ = {
			isa = XCConfigurationList;
			buildConfigurations = (
				D017ADD92351D617009285CB /* Debug */,
				D017ADDA2351D617009285CB /* Release */,
			);
			defaultConfigurationIsVisible = 0;
			defaultConfigurationName = Release;
		};
/* End XCConfigurationList section */
	};
	rootObject = D017AD9B2351D616009285CB /* Project object */;
}
